
Microsoft Visual Studio Solution File, Format Version 12.00
# Visual Studio Version 16
VisualStudioVersion = 16.0.30406.217
MinimumVisualStudioVersion = 10.0.40219.1
Project("{FAE04EC0-301F-11D3-BF4B-00C04F79EFBC}") = "Const_HangSo", "cSharphBasic\Const_HangSo.csproj", "{7C557B91-328E-4600-9813-74D468067F10}"
EndProject
Project("{FAE04EC0-301F-11D3-BF4B-00C04F79EFBC}") = "ClassConstant_LopHangSo", "ClassConstant\ClassConstant_LopHangSo.csproj", "{699B7384-F1E7-4EFE-BBA0-6402134ED130}"
EndProject
Project("{FAE04EC0-301F-11D3-BF4B-00C04F79EFBC}") = "Enumerations_LietKe", "Enumerations_LietKe\Enumerations_LietKe.csproj", "{803419BC-AD0E-41E0-9A2E-5CF3D313393D}"
EndProject
Project("{FAE04EC0-301F-11D3-BF4B-00C04F79EFBC}") = "if_else", "if_else\if_else.csproj", "{A095AED4-E554-4D7C-BD65-BE8844D89449}"
EndProject
Project("{FAE04EC0-301F-11D3-BF4B-00C04F79EFBC}") = "Nested_If", "Nested_If\Nested_If.csproj", "{114CB4F1-0697-47BD-8FC1-E6DADB56B36D}"
EndProject
Project("{FAE04EC0-301F-11D3-BF4B-00C04F79EFBC}") = "switch_method", "switch\switch_method.csproj", "{BF0C3FF6-882E-4A93-B71D-531BDD73C01D}"
EndProject
Project("{FAE04EC0-301F-11D3-BF4B-00C04F79EFBC}") = "while_loop", "while_loop\while_loop.csproj", "{3721182C-19CA-4109-A568-175482A08EE6}"
EndProject
Project("{FAE04EC0-301F-11D3-BF4B-00C04F79EFBC}") = "do_while_loop", "do_while_loop\do_while_loop.csproj", "{88C6223A-6ACA-429A-A332-9AE2DCED96E1}"
EndProject
Project("{FAE04EC0-301F-11D3-BF4B-00C04F79EFBC}") = "for_loop", "for_loop\for_loop.csproj", "{B6CECD51-1FE8-459C-991A-AAC441D76078}"
EndProject
Project("{FAE04EC0-301F-11D3-BF4B-00C04F79EFBC}") = "continue_break", "continue_break\continue_break.csproj", "{31B0E789-2B06-4192-9E15-E5E810E3F29A}"
EndProject
Global
	GlobalSection(SolutionConfigurationPlatforms) = preSolution
		Debug|Any CPU = Debug|Any CPU
		Release|Any CPU = Release|Any CPU
	EndGlobalSection
	GlobalSection(ProjectConfigurationPlatforms) = postSolution
		{7C557B91-328E-4600-9813-74D468067F10}.Debug|Any CPU.ActiveCfg = Debug|Any CPU
		{7C557B91-328E-4600-9813-74D468067F10}.Debug|Any CPU.Build.0 = Debug|Any CPU
		{7C557B91-328E-4600-9813-74D468067F10}.Release|Any CPU.ActiveCfg = Release|Any CPU
		{7C557B91-328E-4600-9813-74D468067F10}.Release|Any CPU.Build.0 = Release|Any CPU
		{699B7384-F1E7-4EFE-BBA0-6402134ED130}.Debug|Any CPU.ActiveCfg = Debug|Any CPU
		{699B7384-F1E7-4EFE-BBA0-6402134ED130}.Debug|Any CPU.Build.0 = Debug|Any CPU
		{699B7384-F1E7-4EFE-BBA0-6402134ED130}.Release|Any CPU.ActiveCfg = Release|Any CPU
		{699B7384-F1E7-4EFE-BBA0-6402134ED130}.Release|Any CPU.Build.0 = Release|Any CPU
		{803419BC-AD0E-41E0-9A2E-5CF3D313393D}.Debug|Any CPU.ActiveCfg = Debug|Any CPU
		{803419BC-AD0E-41E0-9A2E-5CF3D313393D}.Debug|Any CPU.Build.0 = Debug|Any CPU
		{803419BC-AD0E-41E0-9A2E-5CF3D313393D}.Release|Any CPU.ActiveCfg = Release|Any CPU
		{803419BC-AD0E-41E0-9A2E-5CF3D313393D}.Release|Any CPU.Build.0 = Release|Any CPU
		{A095AED4-E554-4D7C-BD65-BE8844D89449}.Debug|Any CPU.ActiveCfg = Debug|Any CPU
		{A095AED4-E554-4D7C-BD65-BE8844D89449}.Debug|Any CPU.Build.0 = Debug|Any CPU
		{A095AED4-E554-4D7C-BD65-BE8844D89449}.Release|Any CPU.ActiveCfg = Release|Any CPU
		{A095AED4-E554-4D7C-BD65-BE8844D89449}.Release|Any CPU.Build.0 = Release|Any CPU
		{114CB4F1-0697-47BD-8FC1-E6DADB56B36D}.Debug|Any CPU.ActiveCfg = Debug|Any CPU
		{114CB4F1-0697-47BD-8FC1-E6DADB56B36D}.Debug|Any CPU.Build.0 = Debug|Any CPU
		{114CB4F1-0697-47BD-8FC1-E6DADB56B36D}.Release|Any CPU.ActiveCfg = Release|Any CPU
		{114CB4F1-0697-47BD-8FC1-E6DADB56B36D}.Release|Any CPU.Build.0 = Release|Any CPU
		{BF0C3FF6-882E-4A93-B71D-531BDD73C01D}.Debug|Any CPU.ActiveCfg = Debug|Any CPU
		{BF0C3FF6-882E-4A93-B71D-531BDD73C01D}.Debug|Any CPU.Build.0 = Debug|Any CPU
		{BF0C3FF6-882E-4A93-B71D-531BDD73C01D}.Release|Any CPU.ActiveCfg = Release|Any CPU
		{BF0C3FF6-882E-4A93-B71D-531BDD73C01D}.Release|Any CPU.Build.0 = Release|Any CPU
		{3721182C-19CA-4109-A568-175482A08EE6}.Debug|Any CPU.ActiveCfg = Debug|Any CPU
		{3721182C-19CA-4109-A568-175482A08EE6}.Debug|Any CPU.Build.0 = Debug|Any CPU
		{3721182C-19CA-4109-A568-175482A08EE6}.Release|Any CPU.ActiveCfg = Release|Any CPU
		{3721182C-19CA-4109-A568-175482A08EE6}.Release|Any CPU.Build.0 = Release|Any CPU
		{88C6223A-6ACA-429A-A332-9AE2DCED96E1}.Debug|Any CPU.ActiveCfg = Debug|Any CPU
		{88C6223A-6ACA-429A-A332-9AE2DCED96E1}.Debug|Any CPU.Build.0 = Debug|Any CPU
		{88C6223A-6ACA-429A-A332-9AE2DCED96E1}.Release|Any CPU.ActiveCfg = Release|Any CPU
		{88C6223A-6ACA-429A-A332-9AE2DCED96E1}.Release|Any CPU.Build.0 = Release|Any CPU
		{B6CECD51-1FE8-459C-991A-AAC441D76078}.Debug|Any CPU.ActiveCfg = Debug|Any CPU
		{B6CECD51-1FE8-459C-991A-AAC441D76078}.Debug|Any CPU.Build.0 = Debug|Any CPU
		{B6CECD51-1FE8-459C-991A-AAC441D76078}.Release|Any CPU.ActiveCfg = Release|Any CPU
		{B6CECD51-1FE8-459C-991A-AAC441D76078}.Release|Any CPU.Build.0 = Release|Any CPU
		{31B0E789-2B06-4192-9E15-E5E810E3F29A}.Debug|Any CPU.ActiveCfg = Debug|Any CPU
		{31B0E789-2B06-4192-9E15-E5E810E3F29A}.Debug|Any CPU.Build.0 = Debug|Any CPU
		{31B0E789-2B06-4192-9E15-E5E810E3F29A}.Release|Any CPU.ActiveCfg = Release|Any CPU
		{31B0E789-2B06-4192-9E15-E5E810E3F29A}.Release|Any CPU.Build.0 = Release|Any CPU
	EndGlobalSection
	GlobalSection(SolutionProperties) = preSolution
		HideSolutionNode = FALSE
	EndGlobalSection
	GlobalSection(ExtensibilityGlobals) = postSolution
		SolutionGuid = {975893C5-6518-46DC-B63B-3AB713E35730}
	EndGlobalSection
EndGlobal
